
Microsoft Visual Studio Solution File, Format Version 12.00
# Visual Studio 15
VisualStudioVersion = 15.0.28010.2036
MinimumVisualStudioVersion = 10.0.40219.1
Project("{9A19103F-16F7-4668-BE54-9A1E7A4F7556}") = "HotelMVC", "HotelMVC\HotelMVC.csproj", "{7B04DF07-CE1C-4ACF-BC53-69CD5912D357}"
EndProject
Project("{9A19103F-16F7-4668-BE54-9A1E7A4F7556}") = "HotelAPI", "HotelAPI\HotelAPI.csproj", "{94B96513-F15C-40B2-A17A-59AD5CE3C59F}"
EndProject
Global
	GlobalSection(SolutionConfigurationPlatforms) = preSolution
		Debug|Any CPU = Debug|Any CPU
		Release|Any CPU = Release|Any CPU
	EndGlobalSection
	GlobalSection(ProjectConfigurationPlatforms) = postSolution
		{7B04DF07-CE1C-4ACF-BC53-69CD5912D357}.Debug|Any CPU.ActiveCfg = Debug|Any CPU
		{7B04DF07-CE1C-4ACF-BC53-69CD5912D357}.Debug|Any CPU.Build.0 = Debug|Any CPU
		{7B04DF07-CE1C-4ACF-BC53-69CD5912D357}.Release|Any CPU.ActiveCfg = Release|Any CPU
		{7B04DF07-CE1C-4ACF-BC53-69CD5912D357}.Release|Any CPU.Build.0 = Release|Any CPU
		{94B96513-F15C-40B2-A17A-59AD5CE3C59F}.Debug|Any CPU.ActiveCfg = Debug|Any CPU
		{94B96513-F15C-40B2-A17A-59AD5CE3C59F}.Debug|Any CPU.Build.0 = Debug|Any CPU
		{94B96513-F15C-40B2-A17A-59AD5CE3C59F}.Release|Any CPU.ActiveCfg = Release|Any CPU
		{94B96513-F15C-40B2-A17A-59AD5CE3C59F}.Release|Any CPU.Build.0 = Release|Any CPU
	EndGlobalSection
	GlobalSection(SolutionProperties) = preSolution
		HideSolutionNode = FALSE
	EndGlobalSection
	GlobalSection(ExtensibilityGlobals) = postSolution
		SolutionGuid = {C3671647-3A7F-4AE0-85A4-180C7D1ADCAD}
	EndGlobalSection
EndGlobal
